
Microsoft Visual Studio Solution File, Format Version 11.00
# Visual Studio 2010
Project("{FAE04EC0-301F-11D3-BF4B-00C04F79EFBC}") = "AdemolaTyper", "AdemolaTyper\AdemolaTyper.csproj", "{00BABC52-57AD-4DB4-8724-14CC832B9B7D}"
EndProject
Project("{FAE04EC0-301F-11D3-BF4B-00C04F79EFBC}") = "AdemolaTyperTest", "AdemolaTyperTest\AdemolaTyperTest.csproj", "{B1BB766F-C96A-4B16-9605-A74A4564E390}"
EndProject
Project("{2150E333-8FDC-42A3-9474-1A3956D46DE8}") = "Solution Items", "Solution Items", "{01A544F2-F278-47E2-BE1B-97724A225546}"
	ProjectSection(SolutionItems) = preProject
		AdemolaTyper.vsmdi = AdemolaTyper.vsmdi
		Local.testsettings = Local.testsettings
		TraceAndTestImpact.testsettings = TraceAndTestImpact.testsettings
	EndProjectSection
EndProject
Project("{FAE04EC0-301F-11D3-BF4B-00C04F79EFBC}") = "CustomControls", "CustomControls\CustomControls.csproj", "{A8FB5523-0CBF-4354-9BB7-4648382304EF}"
EndProject
Project("{FAE04EC0-301F-11D3-BF4B-00C04F79EFBC}") = "MVVMLib", "MVVMLib\MVVMLib.csproj", "{05EC598E-44D2-4784-85A2-8D78D442E910}"
EndProject
Global
	GlobalSection(TestCaseManagementSettings) = postSolution
		CategoryFile = AdemolaTyper.vsmdi
	EndGlobalSection
	GlobalSection(SolutionConfigurationPlatforms) = preSolution
		Debug|Any CPU = Debug|Any CPU
		Debug|Mixed Platforms = Debug|Mixed Platforms
		Debug|x86 = Debug|x86
		Release|Any CPU = Release|Any CPU
		Release|Mixed Platforms = Release|Mixed Platforms
		Release|x86 = Release|x86
	EndGlobalSection
	GlobalSection(ProjectConfigurationPlatforms) = postSolution
		{00BABC52-57AD-4DB4-8724-14CC832B9B7D}.Debug|Any CPU.ActiveCfg = Debug|x86
		{00BABC52-57AD-4DB4-8724-14CC832B9B7D}.Debug|Mixed Platforms.ActiveCfg = Debug|x86
		{00BABC52-57AD-4DB4-8724-14CC832B9B7D}.Debug|Mixed Platforms.Build.0 = Debug|x86
		{00BABC52-57AD-4DB4-8724-14CC832B9B7D}.Debug|x86.ActiveCfg = Debug|x86
		{00BABC52-57AD-4DB4-8724-14CC832B9B7D}.Debug|x86.Build.0 = Debug|x86
		{00BABC52-57AD-4DB4-8724-14CC832B9B7D}.Release|Any CPU.ActiveCfg = Release|x86
		{00BABC52-57AD-4DB4-8724-14CC832B9B7D}.Release|Mixed Platforms.ActiveCfg = Release|x86
		{00BABC52-57AD-4DB4-8724-14CC832B9B7D}.Release|Mixed Platforms.Build.0 = Release|x86
		{00BABC52-57AD-4DB4-8724-14CC832B9B7D}.Release|x86.ActiveCfg = Release|x86
		{00BABC52-57AD-4DB4-8724-14CC832B9B7D}.Release|x86.Build.0 = Release|x86
		{B1BB766F-C96A-4B16-9605-A74A4564E390}.Debug|Any CPU.ActiveCfg = Debug|Any CPU
		{B1BB766F-C96A-4B16-9605-A74A4564E390}.Debug|Any CPU.Build.0 = Debug|Any CPU
		{B1BB766F-C96A-4B16-9605-A74A4564E390}.Debug|Mixed Platforms.ActiveCfg = Debug|Any CPU
		{B1BB766F-C96A-4B16-9605-A74A4564E390}.Debug|Mixed Platforms.Build.0 = Debug|Any CPU
		{B1BB766F-C96A-4B16-9605-A74A4564E390}.Debug|x86.ActiveCfg = Debug|Any CPU
		{B1BB766F-C96A-4B16-9605-A74A4564E390}.Release|Any CPU.ActiveCfg = Release|Any CPU
		{B1BB766F-C96A-4B16-9605-A74A4564E390}.Release|Any CPU.Build.0 = Release|Any CPU
		{B1BB766F-C96A-4B16-9605-A74A4564E390}.Release|Mixed Platforms.ActiveCfg = Release|Any CPU
		{B1BB766F-C96A-4B16-9605-A74A4564E390}.Release|Mixed Platforms.Build.0 = Release|Any CPU
		{B1BB766F-C96A-4B16-9605-A74A4564E390}.Release|x86.ActiveCfg = Release|Any CPU
		{A8FB5523-0CBF-4354-9BB7-4648382304EF}.Debug|Any CPU.ActiveCfg = Debug|Any CPU
		{A8FB5523-0CBF-4354-9BB7-4648382304EF}.Debug|Any CPU.Build.0 = Debug|Any CPU
		{A8FB5523-0CBF-4354-9BB7-4648382304EF}.Debug|Mixed Platforms.ActiveCfg = Debug|Any CPU
		{A8FB5523-0CBF-4354-9BB7-4648382304EF}.Debug|Mixed Platforms.Build.0 = Debug|Any CPU
		{A8FB5523-0CBF-4354-9BB7-4648382304EF}.Debug|x86.ActiveCfg = Debug|Any CPU
		{A8FB5523-0CBF-4354-9BB7-4648382304EF}.Release|Any CPU.ActiveCfg = Release|Any CPU
		{A8FB5523-0CBF-4354-9BB7-4648382304EF}.Release|Any CPU.Build.0 = Release|Any CPU
		{A8FB5523-0CBF-4354-9BB7-4648382304EF}.Release|Mixed Platforms.ActiveCfg = Release|Any CPU
		{A8FB5523-0CBF-4354-9BB7-4648382304EF}.Release|Mixed Platforms.Build.0 = Release|Any CPU
		{A8FB5523-0CBF-4354-9BB7-4648382304EF}.Release|x86.ActiveCfg = Release|Any CPU
		{05EC598E-44D2-4784-85A2-8D78D442E910}.Debug|Any CPU.ActiveCfg = Debug|Any CPU
		{05EC598E-44D2-4784-85A2-8D78D442E910}.Debug|Any CPU.Build.0 = Debug|Any CPU
		{05EC598E-44D2-4784-85A2-8D78D442E910}.Debug|Mixed Platforms.ActiveCfg = Debug|Any CPU
		{05EC598E-44D2-4784-85A2-8D78D442E910}.Debug|Mixed Platforms.Build.0 = Debug|Any CPU
		{05EC598E-44D2-4784-85A2-8D78D442E910}.Debug|x86.ActiveCfg = Debug|Any CPU
		{05EC598E-44D2-4784-85A2-8D78D442E910}.Release|Any CPU.ActiveCfg = Release|Any CPU
		{05EC598E-44D2-4784-85A2-8D78D442E910}.Release|Any CPU.Build.0 = Release|Any CPU
		{05EC598E-44D2-4784-85A2-8D78D442E910}.Release|Mixed Platforms.ActiveCfg = Release|Any CPU
		{05EC598E-44D2-4784-85A2-8D78D442E910}.Release|Mixed Platforms.Build.0 = Release|Any CPU
		{05EC598E-44D2-4784-85A2-8D78D442E910}.Release|x86.ActiveCfg = Release|Any CPU
	EndGlobalSection
	GlobalSection(SolutionProperties) = preSolution
		HideSolutionNode = FALSE
	EndGlobalSection
EndGlobal
